
Microsoft Visual Studio Solution File, Format Version 12.00
# Visual Studio Version 17
VisualStudioVersion = 17.14.36414.22 d17.14
MinimumVisualStudioVersion = 10.0.40219.1
Project("{FAE04EC0-301F-11D3-BF4B-00C04F79EFBC}") = "Rejstracja", "Rejstracja\Rejstracja.csproj", "{3CD62C8D-B9BB-4CB6-9DA4-0990E93F7D1A}"
EndProject
Global
	GlobalSection(SolutionConfigurationPlatforms) = preSolution
		Debug|Any CPU = Debug|Any CPU
		Release|Any CPU = Release|Any CPU
	EndGlobalSection
	GlobalSection(ProjectConfigurationPlatforms) = postSolution
		{3CD62C8D-B9BB-4CB6-9DA4-0990E93F7D1A}.Debug|Any CPU.ActiveCfg = Debug|Any CPU
		{3CD62C8D-B9BB-4CB6-9DA4-0990E93F7D1A}.Debug|Any CPU.Build.0 = Debug|Any CPU
		{3CD62C8D-B9BB-4CB6-9DA4-0990E93F7D1A}.Debug|Any CPU.Deploy.0 = Debug|Any CPU
		{3CD62C8D-B9BB-4CB6-9DA4-0990E93F7D1A}.Release|Any CPU.ActiveCfg = Release|Any CPU
		{3CD62C8D-B9BB-4CB6-9DA4-0990E93F7D1A}.Release|Any CPU.Build.0 = Release|Any CPU
		{3CD62C8D-B9BB-4CB6-9DA4-0990E93F7D1A}.Release|Any CPU.Deploy.0 = Release|Any CPU
	EndGlobalSection
	GlobalSection(SolutionProperties) = preSolution
		HideSolutionNode = FALSE
	EndGlobalSection
	GlobalSection(ExtensibilityGlobals) = postSolution
		SolutionGuid = {AC3E0858-DEB4-45DA-A3BB-2D0FF4E7F19E}
	EndGlobalSection
EndGlobal
